
Microsoft Visual Studio Solution File, Format Version 12.00
# Visual Studio Version 16
VisualStudioVersion = 16.0.32228.343
MinimumVisualStudioVersion = 10.0.40219.1
Project("{FAE04EC0-301F-11D3-BF4B-00C04F79EFBC}") = "B0226497_段昱如_PDPR_week6_2", "B0226497_段昱如_PDPR_week6_2.csproj", "{BCD807D3-28FB-4F2C-9EA5-D12EC6933FC3}"
EndProject
Global
	GlobalSection(SolutionConfigurationPlatforms) = preSolution
		Debug|Any CPU = Debug|Any CPU
		Release|Any CPU = Release|Any CPU
	EndGlobalSection
	GlobalSection(ProjectConfigurationPlatforms) = postSolution
		{BCD807D3-28FB-4F2C-9EA5-D12EC6933FC3}.Debug|Any CPU.ActiveCfg = Debug|Any CPU
		{BCD807D3-28FB-4F2C-9EA5-D12EC6933FC3}.Debug|Any CPU.Build.0 = Debug|Any CPU
		{BCD807D3-28FB-4F2C-9EA5-D12EC6933FC3}.Release|Any CPU.ActiveCfg = Release|Any CPU
		{BCD807D3-28FB-4F2C-9EA5-D12EC6933FC3}.Release|Any CPU.Build.0 = Release|Any CPU
	EndGlobalSection
	GlobalSection(SolutionProperties) = preSolution
		HideSolutionNode = FALSE
	EndGlobalSection
	GlobalSection(ExtensibilityGlobals) = postSolution
		SolutionGuid = {ABF2A821-4EE0-4C51-BDE0-66F966B9039F}
	EndGlobalSection
EndGlobal
